// !$*UTF8*$!
{
	archiveVersion = 1;
	classes = {
	};
	objectVersion = 56;
	objects = {

/* Begin PBXBuildFile section */
		5DBCBC452CA263A700FF4CE7 /* MyWeatherApp.swift in Sources */ = {isa = PBXBuildFile; fileRef = 5DBCBC442CA263A700FF4CE7 /* MyWeatherApp.swift */; };
		5DBCBC472CA263A700FF4CE7 /* ContentView.swift in Sources */ = {isa = PBXBuildFile; fileRef = 5DBCBC462CA263A700FF4CE7 /* ContentView.swift */; };
		5DBCBC492CA263A800FF4CE7 /* Assets.xcassets in Resources */ = {isa = PBXBuildFile; fileRef = 5DBCBC482CA263A800FF4CE7 /* Assets.xcassets */; };
		5DBCBC4C2CA263A800FF4CE7 /* Preview Assets.xcassets in Resources */ = {isa = PBXBuildFile; fileRef = 5DBCBC4B2CA263A800FF4CE7 /* Preview Assets.xcassets */; };
		5DBCBC5D2CA26B0B00FF4CE7 /* Province.swift in Sources */ = {isa = PBXBuildFile; fileRef = 5DBCBC5C2CA26B0B00FF4CE7 /* Province.swift */; };
		5DBCBCAF2CA3B69000FF4CE7 /* Weather.swift in Sources */ = {isa = PBXBuildFile; fileRef = 5DBCBCAE2CA3B69000FF4CE7 /* Weather.swift */; };
		5DBCBCB42CA3B6E300FF4CE7 /* WeatherView.swift in Sources */ = {isa = PBXBuildFile; fileRef = 5DBCBCB32CA3B6E300FF4CE7 /* WeatherView.swift */; };
		5DBCBCB62CA3B6EF00FF4CE7 /* WeatherViewModel.swift in Sources */ = {isa = PBXBuildFile; fileRef = 5DBCBCB52CA3B6EE00FF4CE7 /* WeatherViewModel.swift */; };
		5DBCBCB92CA3B77900FF4CE7 /* HomeViewController.swift in Sources */ = {isa = PBXBuildFile; fileRef = 5DBCBCB82CA3B77900FF4CE7 /* HomeViewController.swift */; };
		5DBCBCBF2CA3B7C000FF4CE7 /* WeatherManager.swift in Sources */ = {isa = PBXBuildFile; fileRef = 5DBCBCBE2CA3B7C000FF4CE7 /* WeatherManager.swift */; };
		5DBCBCC12CA3B7DD00FF4CE7 /* NetworkManager.swift in Sources */ = {isa = PBXBuildFile; fileRef = 5DBCBCC02CA3B7DD00FF4CE7 /* NetworkManager.swift */; };
		5DBCBCC32CA3B7EE00FF4CE7 /* Region.swift in Sources */ = {isa = PBXBuildFile; fileRef = 5DBCBCC22CA3B7EE00FF4CE7 /* Region.swift */; };
		5DBCBCC52CA3B7FC00FF4CE7 /* City.swift in Sources */ = {isa = PBXBuildFile; fileRef = 5DBCBCC42CA3B7FC00FF4CE7 /* City.swift */; };
		5DBCBCC72CA3B82500FF4CE7 /* WeatherErrorResponse.swift in Sources */ = {isa = PBXBuildFile; fileRef = 5DBCBCC62CA3B82500FF4CE7 /* WeatherErrorResponse.swift */; };
		5DBCBCC92CA3C02900FF4CE7 /* Person.swift in Sources */ = {isa = PBXBuildFile; fileRef = 5DBCBCC82CA3C02900FF4CE7 /* Person.swift */; };
		5DBCBCD02CA3D22500FF4CE7 /* Time.swift in Sources */ = {isa = PBXBuildFile; fileRef = 5DBCBCCF2CA3D22500FF4CE7 /* Time.swift */; };
		5DBCBCD32CA3D25B00FF4CE7 /* TimeManager.swift in Sources */ = {isa = PBXBuildFile; fileRef = 5DBCBCD22CA3D25B00FF4CE7 /* TimeManager.swift */; };
		5DBCBCD62CA3D3DF00FF4CE7 /* APIKEY.swift in Sources */ = {isa = PBXBuildFile; fileRef = 5DBCBCD52CA3D3DF00FF4CE7 /* APIKEY.swift */; };
		5DBCBCD82CA3D91200FF4CE7 /* LocationManager.swift in Sources */ = {isa = PBXBuildFile; fileRef = 5DBCBCD72CA3D91200FF4CE7 /* LocationManager.swift */; };
		5DBCBCDA2CA3DCE300FF4CE7 /* Forecast.swift in Sources */ = {isa = PBXBuildFile; fileRef = 5DBCBCD92CA3DCE300FF4CE7 /* Forecast.swift */; };
/* End PBXBuildFile section */

/* Begin PBXFileReference section */
		5DBCBC412CA263A700FF4CE7 /* MyWeather.app */ = {isa = PBXFileReference; explicitFileType = wrapper.application; includeInIndex = 0; path = MyWeather.app; sourceTree = BUILT_PRODUCTS_DIR; };
		5DBCBC442CA263A700FF4CE7 /* MyWeatherApp.swift */ = {isa = PBXFileReference; lastKnownFileType = sourcecode.swift; path = MyWeatherApp.swift; sourceTree = "<group>"; };
		5DBCBC462CA263A700FF4CE7 /* ContentView.swift */ = {isa = PBXFileReference; lastKnownFileType = sourcecode.swift; path = ContentView.swift; sourceTree = "<group>"; };
		5DBCBC482CA263A800FF4CE7 /* Assets.xcassets */ = {isa = PBXFileReference; lastKnownFileType = folder.assetcatalog; path = Assets.xcassets; sourceTree = "<group>"; };
		5DBCBC4B2CA263A800FF4CE7 /* Preview Assets.xcassets */ = {isa = PBXFileReference; lastKnownFileType = folder.assetcatalog; path = "Preview Assets.xcassets"; sourceTree = "<group>"; };
		5DBCBC5C2CA26B0B00FF4CE7 /* Province.swift */ = {isa = PBXFileReference; lastKnownFileType = sourcecode.swift; path = Province.swift; sourceTree = "<group>"; };
		5DBCBC5E2CA270F700FF4CE7 /* Info.plist */ = {isa = PBXFileReference; lastKnownFileType = text.plist.xml; path = Info.plist; sourceTree = "<group>"; };
		5DBCBCAE2CA3B69000FF4CE7 /* Weather.swift */ = {isa = PBXFileReference; lastKnownFileType = sourcecode.swift; path = Weather.swift; sourceTree = "<group>"; };
		5DBCBCB32CA3B6E300FF4CE7 /* WeatherView.swift */ = {isa = PBXFileReference; lastKnownFileType = sourcecode.swift; path = WeatherView.swift; sourceTree = "<group>"; };
		5DBCBCB52CA3B6EE00FF4CE7 /* WeatherViewModel.swift */ = {isa = PBXFileReference; lastKnownFileType = sourcecode.swift; path = WeatherViewModel.swift; sourceTree = "<group>"; };
		5DBCBCB82CA3B77900FF4CE7 /* HomeViewController.swift */ = {isa = PBXFileReference; lastKnownFileType = sourcecode.swift; path = HomeViewController.swift; sourceTree = "<group>"; };
		5DBCBCBE2CA3B7C000FF4CE7 /* WeatherManager.swift */ = {isa = PBXFileReference; lastKnownFileType = sourcecode.swift; path = WeatherManager.swift; sourceTree = "<group>"; };
		5DBCBCC02CA3B7DD00FF4CE7 /* NetworkManager.swift */ = {isa = PBXFileReference; lastKnownFileType = sourcecode.swift; path = NetworkManager.swift; sourceTree = "<group>"; };
		5DBCBCC22CA3B7EE00FF4CE7 /* Region.swift */ = {isa = PBXFileReference; lastKnownFileType = sourcecode.swift; path = Region.swift; sourceTree = "<group>"; };
		5DBCBCC42CA3B7FC00FF4CE7 /* City.swift */ = {isa = PBXFileReference; lastKnownFileType = sourcecode.swift; path = City.swift; sourceTree = "<group>"; };
		5DBCBCC62CA3B82500FF4CE7 /* WeatherErrorResponse.swift */ = {isa = PBXFileReference; lastKnownFileType = sourcecode.swift; path = WeatherErrorResponse.swift; sourceTree = "<group>"; };
		5DBCBCC82CA3C02900FF4CE7 /* Person.swift */ = {isa = PBXFileReference; lastKnownFileType = sourcecode.swift; path = Person.swift; sourceTree = "<group>"; };
		5DBCBCCF2CA3D22500FF4CE7 /* Time.swift */ = {isa = PBXFileReference; lastKnownFileType = sourcecode.swift; path = Time.swift; sourceTree = "<group>"; };
		5DBCBCD22CA3D25B00FF4CE7 /* TimeManager.swift */ = {isa = PBXFileReference; lastKnownFileType = sourcecode.swift; path = TimeManager.swift; sourceTree = "<group>"; };
		5DBCBCD52CA3D3DF00FF4CE7 /* APIKEY.swift */ = {isa = PBXFileReference; lastKnownFileType = sourcecode.swift; path = APIKEY.swift; sourceTree = "<group>"; };
		5DBCBCD72CA3D91200FF4CE7 /* LocationManager.swift */ = {isa = PBXFileReference; lastKnownFileType = sourcecode.swift; path = LocationManager.swift; sourceTree = "<group>"; };
		5DBCBCD92CA3DCE300FF4CE7 /* Forecast.swift */ = {isa = PBXFileReference; lastKnownFileType = sourcecode.swift; path = Forecast.swift; sourceTree = "<group>"; };
/* End PBXFileReference section */

/* Begin PBXFrameworksBuildPhase section */
		5DBCBC3E2CA263A700FF4CE7 /* Frameworks */ = {
			isa = PBXFrameworksBuildPhase;
			buildActionMask = 2147483647;
			files = (
			);
			runOnlyForDeploymentPostprocessing = 0;
		};
/* End PBXFrameworksBuildPhase section */

/* Begin PBXGroup section */
		5DBCBC382CA263A700FF4CE7 = {
			isa = PBXGroup;
			children = (
				5DBCBC432CA263A700FF4CE7 /* MyWeather */,
				5DBCBC422CA263A700FF4CE7 /* Products */,
			);
			sourceTree = "<group>";
		};
		5DBCBC422CA263A700FF4CE7 /* Products */ = {
			isa = PBXGroup;
			children = (
				5DBCBC412CA263A700FF4CE7 /* MyWeather.app */,
			);
			name = Products;
			sourceTree = "<group>";
		};
		5DBCBC432CA263A700FF4CE7 /* MyWeather */ = {
			isa = PBXGroup;
			children = (
				5DBCBCD42CA3D3D100FF4CE7 /* Keys */,
				5DBCBCCE2CA3D21500FF4CE7 /* Enum */,
				5DBCBCBD2CA3B7B600FF4CE7 /* Utilities */,
				5DBCBCB72CA3B76600FF4CE7 /* Home */,
				5DBCBCB22CA3B6D300FF4CE7 /* Weather */,
				5DBCBC592CA26ABF00FF4CE7 /* Model */,
				5DBCBC442CA263A700FF4CE7 /* MyWeatherApp.swift */,
				5DBCBC462CA263A700FF4CE7 /* ContentView.swift */,
				5DBCBC482CA263A800FF4CE7 /* Assets.xcassets */,
				5DBCBC4A2CA263A800FF4CE7 /* Preview Content */,
				5DBCBC5E2CA270F700FF4CE7 /* Info.plist */,
			);
			path = MyWeather;
			sourceTree = "<group>";
		};
		5DBCBC4A2CA263A800FF4CE7 /* Preview Content */ = {
			isa = PBXGroup;
			children = (
				5DBCBC4B2CA263A800FF4CE7 /* Preview Assets.xcassets */,
			);
			path = "Preview Content";
			sourceTree = "<group>";
		};
		5DBCBC592CA26ABF00FF4CE7 /* Model */ = {
			isa = PBXGroup;
			children = (
				5DBCBC5C2CA26B0B00FF4CE7 /* Province.swift */,
				5DBCBCAE2CA3B69000FF4CE7 /* Weather.swift */,
				5DBCBCC22CA3B7EE00FF4CE7 /* Region.swift */,
				5DBCBCC42CA3B7FC00FF4CE7 /* City.swift */,
				5DBCBCC62CA3B82500FF4CE7 /* WeatherErrorResponse.swift */,
				5DBCBCC82CA3C02900FF4CE7 /* Person.swift */,
				5DBCBCD92CA3DCE300FF4CE7 /* Forecast.swift */,
			);
			path = Model;
			sourceTree = "<group>";
		};
		5DBCBCB22CA3B6D300FF4CE7 /* Weather */ = {
			isa = PBXGroup;
			children = (
				5DBCBCB32CA3B6E300FF4CE7 /* WeatherView.swift */,
				5DBCBCB52CA3B6EE00FF4CE7 /* WeatherViewModel.swift */,
			);
			path = Weather;
			sourceTree = "<group>";
		};
		5DBCBCB72CA3B76600FF4CE7 /* Home */ = {
			isa = PBXGroup;
			children = (
				5DBCBCB82CA3B77900FF4CE7 /* HomeViewController.swift */,
			);
			path = Home;
			sourceTree = "<group>";
		};
		5DBCBCBD2CA3B7B600FF4CE7 /* Utilities */ = {
			isa = PBXGroup;
			children = (
				5DBCBCBE2CA3B7C000FF4CE7 /* WeatherManager.swift */,
				5DBCBCC02CA3B7DD00FF4CE7 /* NetworkManager.swift */,
				5DBCBCD22CA3D25B00FF4CE7 /* TimeManager.swift */,
				5DBCBCD72CA3D91200FF4CE7 /* LocationManager.swift */,
			);
			path = Utilities;
			sourceTree = "<group>";
		};
		5DBCBCCE2CA3D21500FF4CE7 /* Enum */ = {
			isa = PBXGroup;
			children = (
				5DBCBCCF2CA3D22500FF4CE7 /* Time.swift */,
			);
			path = Enum;
			sourceTree = "<group>";
		};
		5DBCBCD42CA3D3D100FF4CE7 /* Keys */ = {
			isa = PBXGroup;
			children = (
				5DBCBCD52CA3D3DF00FF4CE7 /* APIKEY.swift */,
			);
			path = Keys;
			sourceTree = "<group>";
		};
/* End PBXGroup section */

/* Begin PBXNativeTarget section */
		5DBCBC402CA263A700FF4CE7 /* MyWeather */ = {
			isa = PBXNativeTarget;
			buildConfigurationList = 5DBCBC4F2CA263A900FF4CE7 /* Build configuration list for PBXNativeTarget "MyWeather" */;
			buildPhases = (
				5DBCBC3D2CA263A700FF4CE7 /* Sources */,
				5DBCBC3E2CA263A700FF4CE7 /* Frameworks */,
				5DBCBC3F2CA263A700FF4CE7 /* Resources */,
			);
			buildRules = (
			);
			dependencies = (
			);
			name = MyWeather;
			productName = MyWeather;
			productReference = 5DBCBC412CA263A700FF4CE7 /* MyWeather.app */;
			productType = "com.apple.product-type.application";
		};
/* End PBXNativeTarget section */

/* Begin PBXProject section */
		5DBCBC392CA263A700FF4CE7 /* Project object */ = {
			isa = PBXProject;
			attributes = {
				BuildIndependentTargetsInParallel = 1;
				LastSwiftUpdateCheck = 1540;
				LastUpgradeCheck = 1540;
				TargetAttributes = {
					5DBCBC402CA263A700FF4CE7 = {
						CreatedOnToolsVersion = 15.4;
					};
				};
			};
			buildConfigurationList = 5DBCBC3C2CA263A700FF4CE7 /* Build configuration list for PBXProject "MyWeather" */;
			compatibilityVersion = "Xcode 14.0";
			developmentRegion = en;
			hasScannedForEncodings = 0;
			knownRegions = (
				en,
				Base,
			);
			mainGroup = 5DBCBC382CA263A700FF4CE7;
			productRefGroup = 5DBCBC422CA263A700FF4CE7 /* Products */;
			projectDirPath = "";
			projectRoot = "";
			targets = (
				5DBCBC402CA263A700FF4CE7 /* MyWeather */,
			);
		};
/* End PBXProject section */

/* Begin PBXResourcesBuildPhase section */
		5DBCBC3F2CA263A700FF4CE7 /* Resources */ = {
			isa = PBXResourcesBuildPhase;
			buildActionMask = 2147483647;
			files = (
				5DBCBC4C2CA263A800FF4CE7 /* Preview Assets.xcassets in Resources */,
				5DBCBC492CA263A800FF4CE7 /* Assets.xcassets in Resources */,
			);
			runOnlyForDeploymentPostprocessing = 0;
		};
/* End PBXResourcesBuildPhase section */

/* Begin PBXSourcesBuildPhase section */
		5DBCBC3D2CA263A700FF4CE7 /* Sources */ = {
			isa = PBXSourcesBuildPhase;
			buildActionMask = 2147483647;
			files = (
				5DBCBCC12CA3B7DD00FF4CE7 /* NetworkManager.swift in Sources */,
				5DBCBCD82CA3D91200FF4CE7 /* LocationManager.swift in Sources */,
				5DBCBCB62CA3B6EF00FF4CE7 /* WeatherViewModel.swift in Sources */,
				5DBCBCD02CA3D22500FF4CE7 /* Time.swift in Sources */,
				5DBCBCDA2CA3DCE300FF4CE7 /* Forecast.swift in Sources */,
				5DBCBCC72CA3B82500FF4CE7 /* WeatherErrorResponse.swift in Sources */,
				5DBCBC5D2CA26B0B00FF4CE7 /* Province.swift in Sources */,
				5DBCBCC32CA3B7EE00FF4CE7 /* Region.swift in Sources */,
				5DBCBCC52CA3B7FC00FF4CE7 /* City.swift in Sources */,
				5DBCBC472CA263A700FF4CE7 /* ContentView.swift in Sources */,
				5DBCBCD32CA3D25B00FF4CE7 /* TimeManager.swift in Sources */,
				5DBCBCB92CA3B77900FF4CE7 /* HomeViewController.swift in Sources */,
				5DBCBCD62CA3D3DF00FF4CE7 /* APIKEY.swift in Sources */,
				5DBCBCBF2CA3B7C000FF4CE7 /* WeatherManager.swift in Sources */,
				5DBCBC452CA263A700FF4CE7 /* MyWeatherApp.swift in Sources */,
				5DBCBCC92CA3C02900FF4CE7 /* Person.swift in Sources */,
				5DBCBCAF2CA3B69000FF4CE7 /* Weather.swift in Sources */,
				5DBCBCB42CA3B6E300FF4CE7 /* WeatherView.swift in Sources */,
			);
			runOnlyForDeploymentPostprocessing = 0;
		};
/* End PBXSourcesBuildPhase section */

/* Begin XCBuildConfiguration section */
		5DBCBC4D2CA263A900FF4CE7 /* Debug */ = {
			isa = XCBuildConfiguration;
			buildSettings = {
				ALWAYS_SEARCH_USER_PATHS = NO;
				ASSETCATALOG_COMPILER_GENERATE_SWIFT_ASSET_SYMBOL_EXTENSIONS = YES;
				CLANG_ANALYZER_NONNULL = YES;
				CLANG_ANALYZER_NUMBER_OBJECT_CONVERSION = YES_AGGRESSIVE;
				CLANG_CXX_LANGUAGE_STANDARD = "gnu++20";
				CLANG_ENABLE_MODULES = YES;
				CLANG_ENABLE_OBJC_ARC = YES;
				CLANG_ENABLE_OBJC_WEAK = YES;
				CLANG_WARN_BLOCK_CAPTURE_AUTORELEASING = YES;
				CLANG_WARN_BOOL_CONVERSION = YES;
				CLANG_WARN_COMMA = YES;
				CLANG_WARN_CONSTANT_CONVERSION = YES;
				CLANG_WARN_DEPRECATED_OBJC_IMPLEMENTATIONS = YES;
				CLANG_WARN_DIRECT_OBJC_ISA_USAGE = YES_ERROR;
				CLANG_WARN_DOCUMENTATION_COMMENTS = YES;
				CLANG_WARN_EMPTY_BODY = YES;
				CLANG_WARN_ENUM_CONVERSION = YES;
				CLANG_WARN_INFINITE_RECURSION = YES;
				CLANG_WARN_INT_CONVERSION = YES;
				CLANG_WARN_NON_LITERAL_NULL_CONVERSION = YES;
				CLANG_WARN_OBJC_IMPLICIT_RETAIN_SELF = YES;
				CLANG_WARN_OBJC_LITERAL_CONVERSION = YES;
				CLANG_WARN_OBJC_ROOT_CLASS = YES_ERROR;
				CLANG_WARN_QUOTED_INCLUDE_IN_FRAMEWORK_HEADER = YES;
				CLANG_WARN_RANGE_LOOP_ANALYSIS = YES;
				CLANG_WARN_STRICT_PROTOTYPES = YES;
				CLANG_WARN_SUSPICIOUS_MOVE = YES;
				CLANG_WARN_UNGUARDED_AVAILABILITY = YES_AGGRESSIVE;
				CLANG_WARN_UNREACHABLE_CODE = YES;
				CLANG_WARN__DUPLICATE_METHOD_MATCH = YES;
				COPY_PHASE_STRIP = NO;
				DEBUG_INFORMATION_FORMAT = dwarf;
				ENABLE_STRICT_OBJC_MSGSEND = YES;
				ENABLE_TESTABILITY = YES;
				ENABLE_USER_SCRIPT_SANDBOXING = YES;
				GCC_C_LANGUAGE_STANDARD = gnu17;
				GCC_DYNAMIC_NO_PIC = NO;
				GCC_NO_COMMON_BLOCKS = YES;
				GCC_OPTIMIZATION_LEVEL = 0;
				GCC_PREPROCESSOR_DEFINITIONS = (
					"DEBUG=1",
					"$(inherited)",
				);
				GCC_WARN_64_TO_32_BIT_CONVERSION = YES;
				GCC_WARN_ABOUT_RETURN_TYPE = YES_ERROR;
				GCC_WARN_UNDECLARED_SELECTOR = YES;
				GCC_WARN_UNINITIALIZED_AUTOS = YES_AGGRESSIVE;
				GCC_WARN_UNUSED_FUNCTION = YES;
				GCC_WARN_UNUSED_VARIABLE = YES;
				INFOPLIST_FILE = /Users/ichiro/Desktop/Xcode/MyWeather/MyWeather/Info.plist;
				IPHONEOS_DEPLOYMENT_TARGET = 17.5;
				LOCALIZATION_PREFERS_STRING_CATALOGS = YES;
				MTL_ENABLE_DEBUG_INFO = INCLUDE_SOURCE;
				MTL_FAST_MATH = YES;
				ONLY_ACTIVE_ARCH = YES;
				SDKROOT = iphoneos;
				SWIFT_ACTIVE_COMPILATION_CONDITIONS = "DEBUG $(inherited)";
				SWIFT_OPTIMIZATION_LEVEL = "-Onone";
			};
			name = Debug;
		};
		5DBCBC4E2CA263A900FF4CE7 /* Release */ = {
			isa = XCBuildConfiguration;
			buildSettings = {
				ALWAYS_SEARCH_USER_PATHS = NO;
				ASSETCATALOG_COMPILER_GENERATE_SWIFT_ASSET_SYMBOL_EXTENSIONS = YES;
				CLANG_ANALYZER_NONNULL = YES;
				CLANG_ANALYZER_NUMBER_OBJECT_CONVERSION = YES_AGGRESSIVE;
				CLANG_CXX_LANGUAGE_STANDARD = "gnu++20";
				CLANG_ENABLE_MODULES = YES;
				CLANG_ENABLE_OBJC_ARC = YES;
				CLANG_ENABLE_OBJC_WEAK = YES;
				CLANG_WARN_BLOCK_CAPTURE_AUTORELEASING = YES;
				CLANG_WARN_BOOL_CONVERSION = YES;
				CLANG_WARN_COMMA = YES;
				CLANG_WARN_CONSTANT_CONVERSION = YES;
				CLANG_WARN_DEPRECATED_OBJC_IMPLEMENTATIONS = YES;
				CLANG_WARN_DIRECT_OBJC_ISA_USAGE = YES_ERROR;
				CLANG_WARN_DOCUMENTATION_COMMENTS = YES;
				CLANG_WARN_EMPTY_BODY = YES;
				CLANG_WARN_ENUM_CONVERSION = YES;
				CLANG_WARN_INFINITE_RECURSION = YES;
				CLANG_WARN_INT_CONVERSION = YES;
				CLANG_WARN_NON_LITERAL_NULL_CONVERSION = YES;
				CLANG_WARN_OBJC_IMPLICIT_RETAIN_SELF = YES;
				CLANG_WARN_OBJC_LITERAL_CONVERSION = YES;
				CLANG_WARN_OBJC_ROOT_CLASS = YES_ERROR;
				CLANG_WARN_QUOTED_INCLUDE_IN_FRAMEWORK_HEADER = YES;
				CLANG_WARN_RANGE_LOOP_ANALYSIS = YES;
				CLANG_WARN_STRICT_PROTOTYPES = YES;
				CLANG_WARN_SUSPICIOUS_MOVE = YES;
				CLANG_WARN_UNGUARDED_AVAILABILITY = YES_AGGRESSIVE;
				CLANG_WARN_UNREACHABLE_CODE = YES;
				CLANG_WARN__DUPLICATE_METHOD_MATCH = YES;
				COPY_PHASE_STRIP = NO;
				DEBUG_INFORMATION_FORMAT = "dwarf-with-dsym";
				ENABLE_NS_ASSERTIONS = NO;
				ENABLE_STRICT_OBJC_MSGSEND = YES;
				ENABLE_USER_SCRIPT_SANDBOXING = YES;
				GCC_C_LANGUAGE_STANDARD = gnu17;
				GCC_NO_COMMON_BLOCKS = YES;
				GCC_WARN_64_TO_32_BIT_CONVERSION = YES;
				GCC_WARN_ABOUT_RETURN_TYPE = YES_ERROR;
				GCC_WARN_UNDECLARED_SELECTOR = YES;
				GCC_WARN_UNINITIALIZED_AUTOS = YES_AGGRESSIVE;
				GCC_WARN_UNUSED_FUNCTION = YES;
				GCC_WARN_UNUSED_VARIABLE = YES;
				INFOPLIST_FILE = /Users/ichiro/Desktop/Xcode/MyWeather/MyWeather/Info.plist;
				IPHONEOS_DEPLOYMENT_TARGET = 17.5;
				LOCALIZATION_PREFERS_STRING_CATALOGS = YES;
				MTL_ENABLE_DEBUG_INFO = NO;
				MTL_FAST_MATH = YES;
				SDKROOT = iphoneos;
				SWIFT_COMPILATION_MODE = wholemodule;
				VALIDATE_PRODUCT = YES;
			};
			name = Release;
		};
		5DBCBC502CA263A900FF4CE7 /* Debug */ = {
			isa = XCBuildConfiguration;
			buildSettings = {
				ASSETCATALOG_COMPILER_APPICON_NAME = AppIcon;
				ASSETCATALOG_COMPILER_GLOBAL_ACCENT_COLOR_NAME = AccentColor;
				CODE_SIGN_STYLE = Automatic;
				CURRENT_PROJECT_VERSION = 1;
				DEVELOPMENT_ASSET_PATHS = "\"MyWeather/Preview Content\"";
				DEVELOPMENT_TEAM = 32R3NF44SD;
				ENABLE_PREVIEWS = YES;
				GENERATE_INFOPLIST_FILE = YES;
				INFOPLIST_KEY_UIApplicationSceneManifest_Generation = YES;
				INFOPLIST_KEY_UIApplicationSupportsIndirectInputEvents = YES;
				INFOPLIST_KEY_UILaunchScreen_Generation = YES;
				INFOPLIST_KEY_UISupportedInterfaceOrientations_iPad = "UIInterfaceOrientationPortrait UIInterfaceOrientationPortraitUpsideDown UIInterfaceOrientationLandscapeLeft UIInterfaceOrientationLandscapeRight";
				INFOPLIST_KEY_UISupportedInterfaceOrientations_iPhone = "UIInterfaceOrientationPortrait UIInterfaceOrientationLandscapeLeft UIInterfaceOrientationLandscapeRight";
				LD_RUNPATH_SEARCH_PATHS = (
					"$(inherited)",
					"@executable_path/Frameworks",
				);
				MARKETING_VERSION = 1.0;
				PRODUCT_BUNDLE_IDENTIFIER = binus.MyWeather;
				PRODUCT_NAME = "$(TARGET_NAME)";
				SWIFT_EMIT_LOC_STRINGS = YES;
				SWIFT_VERSION = 5.0;
				TARGETED_DEVICE_FAMILY = "1,2";
			};
			name = Debug;
		};
		5DBCBC512CA263A900FF4CE7 /* Release */ = {
			isa = XCBuildConfiguration;
			buildSettings = {
				ASSETCATALOG_COMPILER_APPICON_NAME = AppIcon;
				ASSETCATALOG_COMPILER_GLOBAL_ACCENT_COLOR_NAME = AccentColor;
				CODE_SIGN_STYLE = Automatic;
				CURRENT_PROJECT_VERSION = 1;
				DEVELOPMENT_ASSET_PATHS = "\"MyWeather/Preview Content\"";
				DEVELOPMENT_TEAM = 32R3NF44SD;
				ENABLE_PREVIEWS = YES;
				GENERATE_INFOPLIST_FILE = YES;
				INFOPLIST_KEY_UIApplicationSceneManifest_Generation = YES;
				INFOPLIST_KEY_UIApplicationSupportsIndirectInputEvents = YES;
				INFOPLIST_KEY_UILaunchScreen_Generation = YES;
				INFOPLIST_KEY_UISupportedInterfaceOrientations_iPad = "UIInterfaceOrientationPortrait UIInterfaceOrientationPortraitUpsideDown UIInterfaceOrientationLandscapeLeft UIInterfaceOrientationLandscapeRight";
				INFOPLIST_KEY_UISupportedInterfaceOrientations_iPhone = "UIInterfaceOrientationPortrait UIInterfaceOrientationLandscapeLeft UIInterfaceOrientationLandscapeRight";
				LD_RUNPATH_SEARCH_PATHS = (
					"$(inherited)",
					"@executable_path/Frameworks",
				);
				MARKETING_VERSION = 1.0;
				PRODUCT_BUNDLE_IDENTIFIER = binus.MyWeather;
				PRODUCT_NAME = "$(TARGET_NAME)";
				SWIFT_EMIT_LOC_STRINGS = YES;
				SWIFT_VERSION = 5.0;
				TARGETED_DEVICE_FAMILY = "1,2";
			};
			name = Release;
		};
/* End XCBuildConfiguration section */

/* Begin XCConfigurationList section */
		5DBCBC3C2CA263A700FF4CE7 /* Build configuration list for PBXProject "MyWeather" */ = {
			isa = XCConfigurationList;
			buildConfigurations = (
				5DBCBC4D2CA263A900FF4CE7 /* Debug */,
				5DBCBC4E2CA263A900FF4CE7 /* Release */,
			);
			defaultConfigurationIsVisible = 0;
			defaultConfigurationName = Release;
		};
		5DBCBC4F2CA263A900FF4CE7 /* Build configuration list for PBXNativeTarget "MyWeather" */ = {
			isa = XCConfigurationList;
			buildConfigurations = (
				5DBCBC502CA263A900FF4CE7 /* Debug */,
				5DBCBC512CA263A900FF4CE7 /* Release */,
			);
			defaultConfigurationIsVisible = 0;
			defaultConfigurationName = Release;
		};
/* End XCConfigurationList section */
	};
	rootObject = 5DBCBC392CA263A700FF4CE7 /* Project object */;
}
